
Microsoft Visual Studio Solution File, Format Version 12.00
# Visual Studio 15
VisualStudioVersion = 15.0.26124.0
MinimumVisualStudioVersion = 15.0.26124.0
Project("{2150E333-8FDC-42A3-9474-1A3956D46DE8}") = "src", "src", "{D25EE2BA-161B-4A5D-924F-9354F4F64388}"
EndProject
Project("{FAE04EC0-301F-11D3-BF4B-00C04F79EFBC}") = "SharpRegistration", "src\SharpRegistration\SharpRegistration.csproj", "{6931A368-1185-413D-AE8A-2D1772303AC1}"
EndProject
Project("{2150E333-8FDC-42A3-9474-1A3956D46DE8}") = "test", "test", "{49FC8E99-1319-4665-BAA6-0EBF24E1D670}"
EndProject
Project("{FAE04EC0-301F-11D3-BF4B-00C04F79EFBC}") = "SharpRegistration.Tests", "test\SharpRegistration.Tests\SharpRegistration.Tests.csproj", "{EE0572C1-05BD-4236-86F9-31C5A111B38E}"
EndProject
Project("{FAE04EC0-301F-11D3-BF4B-00C04F79EFBC}") = "Build", "build\scripts\Build.csproj", "{A09206E7-C22F-4BC2-AAEF-89FD8926724A}"
EndProject
Project("{2150E333-8FDC-42A3-9474-1A3956D46DE8}") = "build", "build", "{B1551ADB-55CC-4628-B53F-217EAA402E7A}"
EndProject
Global
	GlobalSection(SolutionConfigurationPlatforms) = preSolution
		Debug|Any CPU = Debug|Any CPU
		Debug|x64 = Debug|x64
		Debug|x86 = Debug|x86
		Release|Any CPU = Release|Any CPU
		Release|x64 = Release|x64
		Release|x86 = Release|x86
	EndGlobalSection
	GlobalSection(SolutionProperties) = preSolution
		HideSolutionNode = FALSE
	EndGlobalSection
	GlobalSection(ProjectConfigurationPlatforms) = postSolution
		{6931A368-1185-413D-AE8A-2D1772303AC1}.Debug|Any CPU.ActiveCfg = Debug|Any CPU
		{6931A368-1185-413D-AE8A-2D1772303AC1}.Debug|Any CPU.Build.0 = Debug|Any CPU
		{6931A368-1185-413D-AE8A-2D1772303AC1}.Debug|x64.ActiveCfg = Debug|Any CPU
		{6931A368-1185-413D-AE8A-2D1772303AC1}.Debug|x64.Build.0 = Debug|Any CPU
		{6931A368-1185-413D-AE8A-2D1772303AC1}.Debug|x86.ActiveCfg = Debug|Any CPU
		{6931A368-1185-413D-AE8A-2D1772303AC1}.Debug|x86.Build.0 = Debug|Any CPU
		{6931A368-1185-413D-AE8A-2D1772303AC1}.Release|Any CPU.ActiveCfg = Release|Any CPU
		{6931A368-1185-413D-AE8A-2D1772303AC1}.Release|Any CPU.Build.0 = Release|Any CPU
		{6931A368-1185-413D-AE8A-2D1772303AC1}.Release|x64.ActiveCfg = Release|Any CPU
		{6931A368-1185-413D-AE8A-2D1772303AC1}.Release|x64.Build.0 = Release|Any CPU
		{6931A368-1185-413D-AE8A-2D1772303AC1}.Release|x86.ActiveCfg = Release|Any CPU
		{6931A368-1185-413D-AE8A-2D1772303AC1}.Release|x86.Build.0 = Release|Any CPU
		{EE0572C1-05BD-4236-86F9-31C5A111B38E}.Debug|Any CPU.ActiveCfg = Debug|Any CPU
		{EE0572C1-05BD-4236-86F9-31C5A111B38E}.Debug|Any CPU.Build.0 = Debug|Any CPU
		{EE0572C1-05BD-4236-86F9-31C5A111B38E}.Debug|x64.ActiveCfg = Debug|Any CPU
		{EE0572C1-05BD-4236-86F9-31C5A111B38E}.Debug|x64.Build.0 = Debug|Any CPU
		{EE0572C1-05BD-4236-86F9-31C5A111B38E}.Debug|x86.ActiveCfg = Debug|Any CPU
		{EE0572C1-05BD-4236-86F9-31C5A111B38E}.Debug|x86.Build.0 = Debug|Any CPU
		{EE0572C1-05BD-4236-86F9-31C5A111B38E}.Release|Any CPU.ActiveCfg = Release|Any CPU
		{EE0572C1-05BD-4236-86F9-31C5A111B38E}.Release|Any CPU.Build.0 = Release|Any CPU
		{EE0572C1-05BD-4236-86F9-31C5A111B38E}.Release|x64.ActiveCfg = Release|Any CPU
		{EE0572C1-05BD-4236-86F9-31C5A111B38E}.Release|x64.Build.0 = Release|Any CPU
		{EE0572C1-05BD-4236-86F9-31C5A111B38E}.Release|x86.ActiveCfg = Release|Any CPU
		{EE0572C1-05BD-4236-86F9-31C5A111B38E}.Release|x86.Build.0 = Release|Any CPU
		{A09206E7-C22F-4BC2-AAEF-89FD8926724A}.Debug|Any CPU.ActiveCfg = Debug|Any CPU
		{A09206E7-C22F-4BC2-AAEF-89FD8926724A}.Debug|Any CPU.Build.0 = Debug|Any CPU
		{A09206E7-C22F-4BC2-AAEF-89FD8926724A}.Debug|x64.ActiveCfg = Debug|Any CPU
		{A09206E7-C22F-4BC2-AAEF-89FD8926724A}.Debug|x64.Build.0 = Debug|Any CPU
		{A09206E7-C22F-4BC2-AAEF-89FD8926724A}.Debug|x86.ActiveCfg = Debug|Any CPU
		{A09206E7-C22F-4BC2-AAEF-89FD8926724A}.Debug|x86.Build.0 = Debug|Any CPU
		{A09206E7-C22F-4BC2-AAEF-89FD8926724A}.Release|Any CPU.ActiveCfg = Release|Any CPU
		{A09206E7-C22F-4BC2-AAEF-89FD8926724A}.Release|Any CPU.Build.0 = Release|Any CPU
		{A09206E7-C22F-4BC2-AAEF-89FD8926724A}.Release|x64.ActiveCfg = Release|Any CPU
		{A09206E7-C22F-4BC2-AAEF-89FD8926724A}.Release|x64.Build.0 = Release|Any CPU
		{A09206E7-C22F-4BC2-AAEF-89FD8926724A}.Release|x86.ActiveCfg = Release|Any CPU
		{A09206E7-C22F-4BC2-AAEF-89FD8926724A}.Release|x86.Build.0 = Release|Any CPU
	EndGlobalSection
	GlobalSection(NestedProjects) = preSolution
		{6931A368-1185-413D-AE8A-2D1772303AC1} = {D25EE2BA-161B-4A5D-924F-9354F4F64388}
		{EE0572C1-05BD-4236-86F9-31C5A111B38E} = {49FC8E99-1319-4665-BAA6-0EBF24E1D670}
		{A09206E7-C22F-4BC2-AAEF-89FD8926724A} = {B1551ADB-55CC-4628-B53F-217EAA402E7A}
	EndGlobalSection
EndGlobal
